
Microsoft Visual Studio Solution File, Format Version 11.00
# Visual Studio 2010
Project("{FAE04EC0-301F-11D3-BF4B-00C04F79EFBC}") = "SimpleMDI", "SimpleMDI\SimpleMDI.csproj", "{B7EF941D-250B-4235-8A0A-FEB4A98E329E}"
EndProject
Global
	GlobalSection(SolutionConfigurationPlatforms) = preSolution
		Debug|x86 = Debug|x86
		Release|x86 = Release|x86
	EndGlobalSection
	GlobalSection(ProjectConfigurationPlatforms) = postSolution
		{B7EF941D-250B-4235-8A0A-FEB4A98E329E}.Debug|x86.ActiveCfg = Debug|x86
		{B7EF941D-250B-4235-8A0A-FEB4A98E329E}.Debug|x86.Build.0 = Debug|x86
		{B7EF941D-250B-4235-8A0A-FEB4A98E329E}.Release|x86.ActiveCfg = Release|x86
		{B7EF941D-250B-4235-8A0A-FEB4A98E329E}.Release|x86.Build.0 = Release|x86
	EndGlobalSection
	GlobalSection(SolutionProperties) = preSolution
		HideSolutionNode = FALSE
	EndGlobalSection
EndGlobal
